PODS:
  - Alamofire (4.3.0)
  - IQKeyboardManagerSwift (4.0.8)
  - SDWebImage (3.8.2):
    - SDWebImage/Core (= 3.8.2)
  - SDWebImage/Core (3.8.2)
  - TTGSnackbar (1.5.1)
  - UIActivityIndicator-for-SDWebImage (1.2):
    - SDWebImage (~> 3.7)

DEPENDENCIES:
  - Alamofire
  - IQKeyboardManagerSwift
  - SDWebImage
  - TTGSnackbar
  - UIActivityIndicator-for-SDWebImage

SPEC CHECKSUMS:
  Alamofire: 856a113053a7bc9cbe5d6367a555d773fc5cfef7
  IQKeyboardManagerSwift: c04bc9f68473823f825eb44d958fce98d921bead
  SDWebImage: 098e97e6176540799c27e804c96653ee0833d13c
  TTGSnackbar: a49b484317e0dd7205be7d7bb51842d3a30765e4
  UIActivityIndicator-for-SDWebImage: 7bf7ebbf0ed1747dedc0d6e949c4603a6d0f9e0c

PODFILE CHECKSUM: 2ec7ce20038ad6c3f2cae0cfb55b3c80570214e7

COCOAPODS: 1.1.1
